
Microsoft Visual Studio Solution File, Format Version 12.00
# Visual Studio Version 17
VisualStudioVersion = 17.0.32112.339
MinimumVisualStudioVersion = 10.0.40219.1
Project("{9A19103F-16F7-4668-BE54-9A1E7A4F7556}") = "ChatApp1", "ChatApp1\ChatApp1.csproj", "{BE7287E9-DCC0-4564-88D5-66A290C71B36}"
EndProject
Project("{9A19103F-16F7-4668-BE54-9A1E7A4F7556}") = "ChatApp2", "ChatApp2\ChatApp2.csproj", "{9395040D-7299-4632-9CCF-4A4FB8337277}"
EndProject
Project("{9A19103F-16F7-4668-BE54-9A1E7A4F7556}") = "ChatFunc", "ChatFunc\ChatFunc.csproj", "{0861B75B-4E30-43AD-BC5C-95EF81714912}"
EndProject
Project("{9A19103F-16F7-4668-BE54-9A1E7A4F7556}") = "DeviceTelemetryServer", "DeviceTelemetryServer\DeviceTelemetryServer.csproj", "{56BF0323-3288-4320-9C2C-E39DF8EFDA6E}"
EndProject
Project("{9A19103F-16F7-4668-BE54-9A1E7A4F7556}") = "DeviceTelemetryClient", "DeviceTelemetryClient\DeviceTelemetryClient.csproj", "{95559036-EE6B-4B37-AB48-123FFE210009}"
EndProject
Global
	GlobalSection(SolutionConfigurationPlatforms) = preSolution
		Debug|Any CPU = Debug|Any CPU
		Release|Any CPU = Release|Any CPU
	EndGlobalSection
	GlobalSection(ProjectConfigurationPlatforms) = postSolution
		{BE7287E9-DCC0-4564-88D5-66A290C71B36}.Debug|Any CPU.ActiveCfg = Debug|Any CPU
		{BE7287E9-DCC0-4564-88D5-66A290C71B36}.Debug|Any CPU.Build.0 = Debug|Any CPU
		{BE7287E9-DCC0-4564-88D5-66A290C71B36}.Release|Any CPU.ActiveCfg = Release|Any CPU
		{BE7287E9-DCC0-4564-88D5-66A290C71B36}.Release|Any CPU.Build.0 = Release|Any CPU
		{9395040D-7299-4632-9CCF-4A4FB8337277}.Debug|Any CPU.ActiveCfg = Debug|Any CPU
		{9395040D-7299-4632-9CCF-4A4FB8337277}.Debug|Any CPU.Build.0 = Debug|Any CPU
		{9395040D-7299-4632-9CCF-4A4FB8337277}.Release|Any CPU.ActiveCfg = Release|Any CPU
		{9395040D-7299-4632-9CCF-4A4FB8337277}.Release|Any CPU.Build.0 = Release|Any CPU
		{0861B75B-4E30-43AD-BC5C-95EF81714912}.Debug|Any CPU.ActiveCfg = Debug|Any CPU
		{0861B75B-4E30-43AD-BC5C-95EF81714912}.Debug|Any CPU.Build.0 = Debug|Any CPU
		{0861B75B-4E30-43AD-BC5C-95EF81714912}.Release|Any CPU.ActiveCfg = Release|Any CPU
		{0861B75B-4E30-43AD-BC5C-95EF81714912}.Release|Any CPU.Build.0 = Release|Any CPU
		{56BF0323-3288-4320-9C2C-E39DF8EFDA6E}.Debug|Any CPU.ActiveCfg = Debug|Any CPU
		{56BF0323-3288-4320-9C2C-E39DF8EFDA6E}.Debug|Any CPU.Build.0 = Debug|Any CPU
		{56BF0323-3288-4320-9C2C-E39DF8EFDA6E}.Release|Any CPU.ActiveCfg = Release|Any CPU
		{56BF0323-3288-4320-9C2C-E39DF8EFDA6E}.Release|Any CPU.Build.0 = Release|Any CPU
		{95559036-EE6B-4B37-AB48-123FFE210009}.Debug|Any CPU.ActiveCfg = Debug|Any CPU
		{95559036-EE6B-4B37-AB48-123FFE210009}.Debug|Any CPU.Build.0 = Debug|Any CPU
		{95559036-EE6B-4B37-AB48-123FFE210009}.Release|Any CPU.ActiveCfg = Release|Any CPU
		{95559036-EE6B-4B37-AB48-123FFE210009}.Release|Any CPU.Build.0 = Release|Any CPU
	EndGlobalSection
	GlobalSection(SolutionProperties) = preSolution
		HideSolutionNode = FALSE
	EndGlobalSection
	GlobalSection(ExtensibilityGlobals) = postSolution
		SolutionGuid = {A0BED4E7-6A10-458C-9CF3-A4A11C48A7EF}
	EndGlobalSection
EndGlobal
