
Microsoft Visual Studio Solution File, Format Version 12.00
# Visual Studio Version 16
VisualStudioVersion = 16.0.31424.327
MinimumVisualStudioVersion = 10.0.40219.1
Project("{9A19103F-16F7-4668-BE54-9A1E7A4F7556}") = "PubSubClient", "PubSubClient\PubSubClient.csproj", "{7E394824-8AE7-47CC-A21A-E3677C0749BC}"
EndProject
Project("{9A19103F-16F7-4668-BE54-9A1E7A4F7556}") = "PubSubServer", "PubSubServer\PubSubServer.csproj", "{EF8DCA27-7E92-4B14-B02E-8F7859F3186E}"
EndProject
Global
	GlobalSection(SolutionConfigurationPlatforms) = preSolution
		Debug|Any CPU = Debug|Any CPU
		Release|Any CPU = Release|Any CPU
	EndGlobalSection
	GlobalSection(ProjectConfigurationPlatforms) = postSolution
		{7E394824-8AE7-47CC-A21A-E3677C0749BC}.Debug|Any CPU.ActiveCfg = Debug|Any CPU
		{7E394824-8AE7-47CC-A21A-E3677C0749BC}.Debug|Any CPU.Build.0 = Debug|Any CPU
		{7E394824-8AE7-47CC-A21A-E3677C0749BC}.Release|Any CPU.ActiveCfg = Release|Any CPU
		{7E394824-8AE7-47CC-A21A-E3677C0749BC}.Release|Any CPU.Build.0 = Release|Any CPU
		{EF8DCA27-7E92-4B14-B02E-8F7859F3186E}.Debug|Any CPU.ActiveCfg = Debug|Any CPU
		{EF8DCA27-7E92-4B14-B02E-8F7859F3186E}.Debug|Any CPU.Build.0 = Debug|Any CPU
		{EF8DCA27-7E92-4B14-B02E-8F7859F3186E}.Release|Any CPU.ActiveCfg = Release|Any CPU
		{EF8DCA27-7E92-4B14-B02E-8F7859F3186E}.Release|Any CPU.Build.0 = Release|Any CPU
	EndGlobalSection
	GlobalSection(SolutionProperties) = preSolution
		HideSolutionNode = FALSE
	EndGlobalSection
	GlobalSection(ExtensibilityGlobals) = postSolution
		SolutionGuid = {A0BED4E7-6A10-458C-9CF3-A4A11C48A7EF}
	EndGlobalSection
EndGlobal
